
Microsoft Visual Studio Solution File, Format Version 12.00
# Visual Studio 15
VisualStudioVersion = 15.0.26430.16
MinimumVisualStudioVersion = 10.0.40219.1
Project("{FAE04EC0-301F-11D3-BF4B-00C04F79EFBC}") = "Chapter 5 Exercise 20", "Chapter 5 Exercise 20\Chapter 5 Exercise 20.csproj", "{4E1D16CC-FD96-41F4-87E4-4D73E7F65EC4}"
EndProject
Global
	GlobalSection(SolutionConfigurationPlatforms) = preSolution
		Debug|Any CPU = Debug|Any CPU
		Release|Any CPU = Release|Any CPU
	EndGlobalSection
	GlobalSection(ProjectConfigurationPlatforms) = postSolution
		{4E1D16CC-FD96-41F4-87E4-4D73E7F65EC4}.Debug|Any CPU.ActiveCfg = Debug|Any CPU
		{4E1D16CC-FD96-41F4-87E4-4D73E7F65EC4}.Debug|Any CPU.Build.0 = Debug|Any CPU
		{4E1D16CC-FD96-41F4-87E4-4D73E7F65EC4}.Release|Any CPU.ActiveCfg = Release|Any CPU
		{4E1D16CC-FD96-41F4-87E4-4D73E7F65EC4}.Release|Any CPU.Build.0 = Release|Any CPU
	EndGlobalSection
	GlobalSection(SolutionProperties) = preSolution
		HideSolutionNode = FALSE
	EndGlobalSection
EndGlobal
