
Microsoft Visual Studio Solution File, Format Version 12.00
# Visual Studio 15
VisualStudioVersion = 15.0.26430.16
MinimumVisualStudioVersion = 10.0.40219.1
Project("{FAE04EC0-301F-11D3-BF4B-00C04F79EFBC}") = "Stock Inventory", "Stock Inventory\Stock Inventory.csproj", "{D8AF1ECC-F2A5-44C7-A924-A77BF41A92BF}"
EndProject
Project("{FAE04EC0-301F-11D3-BF4B-00C04F79EFBC}") = "Freight", "Freight\Freight.csproj", "{6AA257B7-037D-4654-AFE0-6203C1679233}"
EndProject
Project("{FAE04EC0-301F-11D3-BF4B-00C04F79EFBC}") = "Customer", "Customer\Customer.csproj", "{C53DC000-8B52-4D09-85EF-1443654C4351}"
EndProject
Project("{FAE04EC0-301F-11D3-BF4B-00C04F79EFBC}") = "Products", "Products\Products.csproj", "{8134793D-8BB2-41BB-8B03-774A7204693F}"
EndProject
Global
	GlobalSection(SolutionConfigurationPlatforms) = preSolution
		Debug|Any CPU = Debug|Any CPU
		Release|Any CPU = Release|Any CPU
	EndGlobalSection
	GlobalSection(ProjectConfigurationPlatforms) = postSolution
		{D8AF1ECC-F2A5-44C7-A924-A77BF41A92BF}.Debug|Any CPU.ActiveCfg = Debug|Any CPU
		{D8AF1ECC-F2A5-44C7-A924-A77BF41A92BF}.Debug|Any CPU.Build.0 = Debug|Any CPU
		{D8AF1ECC-F2A5-44C7-A924-A77BF41A92BF}.Release|Any CPU.ActiveCfg = Release|Any CPU
		{D8AF1ECC-F2A5-44C7-A924-A77BF41A92BF}.Release|Any CPU.Build.0 = Release|Any CPU
		{6AA257B7-037D-4654-AFE0-6203C1679233}.Debug|Any CPU.ActiveCfg = Debug|Any CPU
		{6AA257B7-037D-4654-AFE0-6203C1679233}.Debug|Any CPU.Build.0 = Debug|Any CPU
		{6AA257B7-037D-4654-AFE0-6203C1679233}.Release|Any CPU.ActiveCfg = Release|Any CPU
		{6AA257B7-037D-4654-AFE0-6203C1679233}.Release|Any CPU.Build.0 = Release|Any CPU
		{C53DC000-8B52-4D09-85EF-1443654C4351}.Debug|Any CPU.ActiveCfg = Debug|Any CPU
		{C53DC000-8B52-4D09-85EF-1443654C4351}.Debug|Any CPU.Build.0 = Debug|Any CPU
		{C53DC000-8B52-4D09-85EF-1443654C4351}.Release|Any CPU.ActiveCfg = Release|Any CPU
		{C53DC000-8B52-4D09-85EF-1443654C4351}.Release|Any CPU.Build.0 = Release|Any CPU
		{8134793D-8BB2-41BB-8B03-774A7204693F}.Debug|Any CPU.ActiveCfg = Debug|Any CPU
		{8134793D-8BB2-41BB-8B03-774A7204693F}.Debug|Any CPU.Build.0 = Debug|Any CPU
		{8134793D-8BB2-41BB-8B03-774A7204693F}.Release|Any CPU.ActiveCfg = Release|Any CPU
		{8134793D-8BB2-41BB-8B03-774A7204693F}.Release|Any CPU.Build.0 = Release|Any CPU
	EndGlobalSection
	GlobalSection(SolutionProperties) = preSolution
		HideSolutionNode = FALSE
	EndGlobalSection
EndGlobal
