
Microsoft Visual Studio Solution File, Format Version 12.00
# Visual Studio 15
VisualStudioVersion = 15.0.26430.15
MinimumVisualStudioVersion = 10.0.40219.1
Project("{FAE04EC0-301F-11D3-BF4B-00C04F79EFBC}") = "Example 4.1", "Example 4.1\Example 4.1.csproj", "{330BEE3C-65D7-45E4-BF11-5CC7A7DA0EAB}"
EndProject
Global
	GlobalSection(SolutionConfigurationPlatforms) = preSolution
		Debug|Any CPU = Debug|Any CPU
		Release|Any CPU = Release|Any CPU
	EndGlobalSection
	GlobalSection(ProjectConfigurationPlatforms) = postSolution
		{330BEE3C-65D7-45E4-BF11-5CC7A7DA0EAB}.Debug|Any CPU.ActiveCfg = Debug|Any CPU
		{330BEE3C-65D7-45E4-BF11-5CC7A7DA0EAB}.Debug|Any CPU.Build.0 = Debug|Any CPU
		{330BEE3C-65D7-45E4-BF11-5CC7A7DA0EAB}.Release|Any CPU.ActiveCfg = Release|Any CPU
		{330BEE3C-65D7-45E4-BF11-5CC7A7DA0EAB}.Release|Any CPU.Build.0 = Release|Any CPU
	EndGlobalSection
	GlobalSection(SolutionProperties) = preSolution
		HideSolutionNode = FALSE
	EndGlobalSection
EndGlobal
